
Microsoft Visual Studio Solution File, Format Version 12.00
# Visual Studio Version 17
VisualStudioVersion = 17.8.34525.116
MinimumVisualStudioVersion = 10.0.40219.1
Project("{FAE04EC0-301F-11D3-BF4B-00C04F79EFBC}") = "OtusDelegatesHomeWork", "OtusDelegatesHomeWork\OtusDelegatesHomeWork.csproj", "{A87B8370-A179-47C9-AC2E-A2F54C4B6C4B}"
EndProject
Global
	GlobalSection(SolutionConfigurationPlatforms) = preSolution
		Debug|Any CPU = Debug|Any CPU
		Release|Any CPU = Release|Any CPU
	EndGlobalSection
	GlobalSection(ProjectConfigurationPlatforms) = postSolution
		{A87B8370-A179-47C9-AC2E-A2F54C4B6C4B}.Debug|Any CPU.ActiveCfg = Debug|Any CPU
		{A87B8370-A179-47C9-AC2E-A2F54C4B6C4B}.Debug|Any CPU.Build.0 = Debug|Any CPU
		{A87B8370-A179-47C9-AC2E-A2F54C4B6C4B}.Release|Any CPU.ActiveCfg = Release|Any CPU
		{A87B8370-A179-47C9-AC2E-A2F54C4B6C4B}.Release|Any CPU.Build.0 = Release|Any CPU
	EndGlobalSection
	GlobalSection(SolutionProperties) = preSolution
		HideSolutionNode = FALSE
	EndGlobalSection
	GlobalSection(ExtensibilityGlobals) = postSolution
		SolutionGuid = {641AE037-6356-4AE6-8DA8-E3A9B54538F7}
	EndGlobalSection
EndGlobal
